
Microsoft Visual Studio Solution File, Format Version 12.00
# Visual Studio Version 16
VisualStudioVersion = 16.0.29006.145
MinimumVisualStudioVersion = 10.0.40219.1
Project("{2150E333-8FDC-42A3-9474-1A3956D46DE8}") = "Tools", "Tools", "{C9277C85-BD7D-4D69-8CEE-A81A646E97AF}"
EndProject
Project("{9A19103F-16F7-4668-BE54-9A1E7A4F7556}") = "FhirKhit.Tools", "Projects\Tools\FhirKhit.Tools\FhirKhit.Tools.csproj", "{9A456492-14D0-4D0F-9B81-AC04965516D0}"
EndProject
Project("{9A19103F-16F7-4668-BE54-9A1E7A4F7556}") = "FhirKhit.Tools.XUnitTests", "Projects\Tools\FhirKhit.Tools.XUnitTests\FhirKhit.Tools.XUnitTests.csproj", "{4DB529BB-9451-4D9C-93D0-C4A485E7844C}"
EndProject
Project("{9A19103F-16F7-4668-BE54-9A1E7A4F7556}") = "FhirKhit.Tools.R4", "Projects\Tools\FhirKhit.Tools.r4\FhirKhit.Tools.R4.csproj", "{A388F621-7132-4EA3-B027-6D7F3440F5D7}"
EndProject
Project("{9A19103F-16F7-4668-BE54-9A1E7A4F7556}") = "FhirKhit.Tools.R4.XUnitTests", "Projects\Tools\FhirKhit.Tools.R4.XUnitTests\FhirKhit.Tools.R4.XUnitTests.csproj", "{94C3D942-312B-4E14-B7BF-F3471E85CD52}"
EndProject
Project("{9A19103F-16F7-4668-BE54-9A1E7A4F7556}") = "FhirKhit.Tools.R3", "Projects\Tools\FhirKhit.Tools.R3\FhirKhit.Tools.R3.csproj", "{A9549593-AAA4-44B2-A91D-FF473A58F13E}"
EndProject
Project("{9A19103F-16F7-4668-BE54-9A1E7A4F7556}") = "FhirKhit.Tools.R3.XUnitTests", "Projects\Tools\FhirKhit.Tools.R3.XUnitTests\FhirKhit.Tools.R3.XUnitTests.csproj", "{1844E064-0460-4076-82B8-D2FD74AEDB8D}"
EndProject
Project("{D954291E-2A0B-460D-934E-DC6B0785DB48}") = "FhirKhit.Tools.Shar", "Projects\Tools\FhirKhit.Tools.Shar\FhirKhit.Tools.Shar.shproj", "{BF3E3A97-3B43-44AA-838C-24E5E32BE8C5}"
EndProject
Project("{D954291E-2A0B-460D-934E-DC6B0785DB48}") = "FhirKhit.Tools.SharTests", "Projects\Tools\FhirKhit.Tools.SharTests\FhirKhit.Tools.SharTests.shproj", "{A0663C6D-3386-4C88-A186-B288530EB107}"
EndProject
Project("{D954291E-2A0B-460D-934E-DC6B0785DB48}") = "FhirKhit.GlobalSuppressions", "Projects\FhirKhit.GlobalSuppressions\FhirKhit.GlobalSuppressions.shproj", "{721F484A-1C1A-4A95-AA2C-FF38E18C9D77}"
EndProject
Project("{2150E333-8FDC-42A3-9474-1A3956D46DE8}") = "FhirApi", "FhirApi", "{F82D386E-705C-44AC-B460-324E1F4B8995}"
EndProject
Project("{2150E333-8FDC-42A3-9474-1A3956D46DE8}") = "PreFhir", "PreFhir", "{8D7C4669-7299-4CF5-8C3F-A579B27DE1B4}"
EndProject
Project("{9A19103F-16F7-4668-BE54-9A1E7A4F7556}") = "PreFhir", "Projects\PreFhir\PreFhir\PreFhir.csproj", "{93230D45-AE8D-4945-8E37-A774527A31F8}"
EndProject
Project("{9A19103F-16F7-4668-BE54-9A1E7A4F7556}") = "PreFhir.XUnitTests", "Projects\PreFhir\PreFhir.XUnitTests\PreFhir.XUnitTests.csproj", "{4B67CA87-FE61-4276-83B0-2FC1162E6F96}"
EndProject
Global
	GlobalSection(SharedMSBuildProjectFiles) = preSolution
		Projects\FhirKhit.GlobalSuppressions\FhirKhit.GlobalSuppressions.projitems*{721f484a-1c1a-4a95-aa2c-ff38e18c9d77}*SharedItemsImports = 13
		Projects\Tools\FhirKhit.Tools.SharTests\FhirKhit.Tools.SharTests.projitems*{a0663c6d-3386-4c88-a186-b288530eb107}*SharedItemsImports = 13
		Projects\Tools\FhirKhit.Tools.Shar\FhirKhit.Tools.Shar.projitems*{bf3e3a97-3b43-44aa-838c-24e5e32be8c5}*SharedItemsImports = 13
	EndGlobalSection
	GlobalSection(SolutionConfigurationPlatforms) = preSolution
		Debug|Any CPU = Debug|Any CPU
		Debug|x64 = Debug|x64
		Release|Any CPU = Release|Any CPU
		Release|x64 = Release|x64
	EndGlobalSection
	GlobalSection(ProjectConfigurationPlatforms) = postSolution
		{9A456492-14D0-4D0F-9B81-AC04965516D0}.Debug|Any CPU.ActiveCfg = Debug|Any CPU
		{9A456492-14D0-4D0F-9B81-AC04965516D0}.Debug|Any CPU.Build.0 = Debug|Any CPU
		{9A456492-14D0-4D0F-9B81-AC04965516D0}.Debug|x64.ActiveCfg = Debug|x64
		{9A456492-14D0-4D0F-9B81-AC04965516D0}.Debug|x64.Build.0 = Debug|x64
		{9A456492-14D0-4D0F-9B81-AC04965516D0}.Release|Any CPU.ActiveCfg = Release|Any CPU
		{9A456492-14D0-4D0F-9B81-AC04965516D0}.Release|Any CPU.Build.0 = Release|Any CPU
		{9A456492-14D0-4D0F-9B81-AC04965516D0}.Release|x64.ActiveCfg = Release|x64
		{9A456492-14D0-4D0F-9B81-AC04965516D0}.Release|x64.Build.0 = Release|x64
		{4DB529BB-9451-4D9C-93D0-C4A485E7844C}.Debug|Any CPU.ActiveCfg = Debug|Any CPU
		{4DB529BB-9451-4D9C-93D0-C4A485E7844C}.Debug|Any CPU.Build.0 = Debug|Any CPU
		{4DB529BB-9451-4D9C-93D0-C4A485E7844C}.Debug|x64.ActiveCfg = Debug|Any CPU
		{4DB529BB-9451-4D9C-93D0-C4A485E7844C}.Debug|x64.Build.0 = Debug|Any CPU
		{4DB529BB-9451-4D9C-93D0-C4A485E7844C}.Release|Any CPU.ActiveCfg = Release|Any CPU
		{4DB529BB-9451-4D9C-93D0-C4A485E7844C}.Release|Any CPU.Build.0 = Release|Any CPU
		{4DB529BB-9451-4D9C-93D0-C4A485E7844C}.Release|x64.ActiveCfg = Release|Any CPU
		{4DB529BB-9451-4D9C-93D0-C4A485E7844C}.Release|x64.Build.0 = Release|Any CPU
		{A388F621-7132-4EA3-B027-6D7F3440F5D7}.Debug|Any CPU.ActiveCfg = Debug|Any CPU
		{A388F621-7132-4EA3-B027-6D7F3440F5D7}.Debug|Any CPU.Build.0 = Debug|Any CPU
		{A388F621-7132-4EA3-B027-6D7F3440F5D7}.Debug|x64.ActiveCfg = Debug|x64
		{A388F621-7132-4EA3-B027-6D7F3440F5D7}.Debug|x64.Build.0 = Debug|x64
		{A388F621-7132-4EA3-B027-6D7F3440F5D7}.Release|Any CPU.ActiveCfg = Release|Any CPU
		{A388F621-7132-4EA3-B027-6D7F3440F5D7}.Release|Any CPU.Build.0 = Release|Any CPU
		{A388F621-7132-4EA3-B027-6D7F3440F5D7}.Release|x64.ActiveCfg = Release|x64
		{A388F621-7132-4EA3-B027-6D7F3440F5D7}.Release|x64.Build.0 = Release|x64
		{94C3D942-312B-4E14-B7BF-F3471E85CD52}.Debug|Any CPU.ActiveCfg = Debug|Any CPU
		{94C3D942-312B-4E14-B7BF-F3471E85CD52}.Debug|Any CPU.Build.0 = Debug|Any CPU
		{94C3D942-312B-4E14-B7BF-F3471E85CD52}.Debug|x64.ActiveCfg = Debug|Any CPU
		{94C3D942-312B-4E14-B7BF-F3471E85CD52}.Debug|x64.Build.0 = Debug|Any CPU
		{94C3D942-312B-4E14-B7BF-F3471E85CD52}.Release|Any CPU.ActiveCfg = Release|Any CPU
		{94C3D942-312B-4E14-B7BF-F3471E85CD52}.Release|Any CPU.Build.0 = Release|Any CPU
		{94C3D942-312B-4E14-B7BF-F3471E85CD52}.Release|x64.ActiveCfg = Release|Any CPU
		{94C3D942-312B-4E14-B7BF-F3471E85CD52}.Release|x64.Build.0 = Release|Any CPU
		{A9549593-AAA4-44B2-A91D-FF473A58F13E}.Debug|Any CPU.ActiveCfg = Debug|Any CPU
		{A9549593-AAA4-44B2-A91D-FF473A58F13E}.Debug|Any CPU.Build.0 = Debug|Any CPU
		{A9549593-AAA4-44B2-A91D-FF473A58F13E}.Debug|x64.ActiveCfg = Debug|x64
		{A9549593-AAA4-44B2-A91D-FF473A58F13E}.Debug|x64.Build.0 = Debug|x64
		{A9549593-AAA4-44B2-A91D-FF473A58F13E}.Release|Any CPU.ActiveCfg = Release|Any CPU
		{A9549593-AAA4-44B2-A91D-FF473A58F13E}.Release|Any CPU.Build.0 = Release|Any CPU
		{A9549593-AAA4-44B2-A91D-FF473A58F13E}.Release|x64.ActiveCfg = Release|x64
		{A9549593-AAA4-44B2-A91D-FF473A58F13E}.Release|x64.Build.0 = Release|x64
		{1844E064-0460-4076-82B8-D2FD74AEDB8D}.Debug|Any CPU.ActiveCfg = Debug|Any CPU
		{1844E064-0460-4076-82B8-D2FD74AEDB8D}.Debug|Any CPU.Build.0 = Debug|Any CPU
		{1844E064-0460-4076-82B8-D2FD74AEDB8D}.Debug|x64.ActiveCfg = Debug|Any CPU
		{1844E064-0460-4076-82B8-D2FD74AEDB8D}.Debug|x64.Build.0 = Debug|Any CPU
		{1844E064-0460-4076-82B8-D2FD74AEDB8D}.Release|Any CPU.ActiveCfg = Release|Any CPU
		{1844E064-0460-4076-82B8-D2FD74AEDB8D}.Release|Any CPU.Build.0 = Release|Any CPU
		{1844E064-0460-4076-82B8-D2FD74AEDB8D}.Release|x64.ActiveCfg = Release|Any CPU
		{1844E064-0460-4076-82B8-D2FD74AEDB8D}.Release|x64.Build.0 = Release|Any CPU
		{93230D45-AE8D-4945-8E37-A774527A31F8}.Debug|Any CPU.ActiveCfg = Debug|Any CPU
		{93230D45-AE8D-4945-8E37-A774527A31F8}.Debug|Any CPU.Build.0 = Debug|Any CPU
		{93230D45-AE8D-4945-8E37-A774527A31F8}.Debug|x64.ActiveCfg = Debug|Any CPU
		{93230D45-AE8D-4945-8E37-A774527A31F8}.Debug|x64.Build.0 = Debug|Any CPU
		{93230D45-AE8D-4945-8E37-A774527A31F8}.Release|Any CPU.ActiveCfg = Release|Any CPU
		{93230D45-AE8D-4945-8E37-A774527A31F8}.Release|Any CPU.Build.0 = Release|Any CPU
		{93230D45-AE8D-4945-8E37-A774527A31F8}.Release|x64.ActiveCfg = Release|Any CPU
		{93230D45-AE8D-4945-8E37-A774527A31F8}.Release|x64.Build.0 = Release|Any CPU
		{4B67CA87-FE61-4276-83B0-2FC1162E6F96}.Debug|Any CPU.ActiveCfg = Debug|Any CPU
		{4B67CA87-FE61-4276-83B0-2FC1162E6F96}.Debug|Any CPU.Build.0 = Debug|Any CPU
		{4B67CA87-FE61-4276-83B0-2FC1162E6F96}.Debug|x64.ActiveCfg = Debug|Any CPU
		{4B67CA87-FE61-4276-83B0-2FC1162E6F96}.Debug|x64.Build.0 = Debug|Any CPU
		{4B67CA87-FE61-4276-83B0-2FC1162E6F96}.Release|Any CPU.ActiveCfg = Release|Any CPU
		{4B67CA87-FE61-4276-83B0-2FC1162E6F96}.Release|Any CPU.Build.0 = Release|Any CPU
		{4B67CA87-FE61-4276-83B0-2FC1162E6F96}.Release|x64.ActiveCfg = Release|Any CPU
		{4B67CA87-FE61-4276-83B0-2FC1162E6F96}.Release|x64.Build.0 = Release|Any CPU
	EndGlobalSection
	GlobalSection(SolutionProperties) = preSolution
		HideSolutionNode = FALSE
	EndGlobalSection
	GlobalSection(NestedProjects) = preSolution
		{9A456492-14D0-4D0F-9B81-AC04965516D0} = {C9277C85-BD7D-4D69-8CEE-A81A646E97AF}
		{4DB529BB-9451-4D9C-93D0-C4A485E7844C} = {C9277C85-BD7D-4D69-8CEE-A81A646E97AF}
		{A388F621-7132-4EA3-B027-6D7F3440F5D7} = {C9277C85-BD7D-4D69-8CEE-A81A646E97AF}
		{94C3D942-312B-4E14-B7BF-F3471E85CD52} = {C9277C85-BD7D-4D69-8CEE-A81A646E97AF}
		{A9549593-AAA4-44B2-A91D-FF473A58F13E} = {C9277C85-BD7D-4D69-8CEE-A81A646E97AF}
		{1844E064-0460-4076-82B8-D2FD74AEDB8D} = {C9277C85-BD7D-4D69-8CEE-A81A646E97AF}
		{BF3E3A97-3B43-44AA-838C-24E5E32BE8C5} = {C9277C85-BD7D-4D69-8CEE-A81A646E97AF}
		{A0663C6D-3386-4C88-A186-B288530EB107} = {C9277C85-BD7D-4D69-8CEE-A81A646E97AF}
		{93230D45-AE8D-4945-8E37-A774527A31F8} = {8D7C4669-7299-4CF5-8C3F-A579B27DE1B4}
		{4B67CA87-FE61-4276-83B0-2FC1162E6F96} = {8D7C4669-7299-4CF5-8C3F-A579B27DE1B4}
	EndGlobalSection
	GlobalSection(ExtensibilityGlobals) = postSolution
		SolutionGuid = {90499BD7-964F-4CE5-A761-BDF9EC6DCE28}
	EndGlobalSection
EndGlobal
