
Microsoft Visual Studio Solution File, Format Version 12.00
# Visual Studio Version 16
VisualStudioVersion = 16.0.29006.145
MinimumVisualStudioVersion = 10.0.40219.1
Project("{2150E333-8FDC-42A3-9474-1A3956D46DE8}") = "Adl", "Adl", "{A6A102BD-B7D8-4181-A4B1-FC3F20B0B2F0}"
EndProject
Project("{2150E333-8FDC-42A3-9474-1A3956D46DE8}") = "ProfGen", "ProfGen", "{97017A3B-D9CB-4367-9751-8AA1E6818F70}"
EndProject
Project("{9A19103F-16F7-4668-BE54-9A1E7A4F7556}") = "FhirKhit.Adl.ConvertToModelDef", "Projects\Adl\FhirKhit.Adl.ConvertToModelDef\FhirKhit.Adl.ConvertToModelDef.csproj", "{0057C81F-CC27-4B2B-A253-BC320C55840D}"
EndProject
Project("{9A19103F-16F7-4668-BE54-9A1E7A4F7556}") = "FhirKhit.Adl.XUnitTests", "Projects\Adl\FhirKhit.Adl.XUnitTests\FhirKhit.Adl.XUnitTests.csproj", "{7C1FD6AB-B6FA-490A-BEE8-B2B77121CC0B}"
EndProject
Project("{2150E333-8FDC-42A3-9474-1A3956D46DE8}") = "CEM", "CEM", "{B6C386C5-7F1C-43B9-82F0-04E66A5292E5}"
EndProject
Project("{9A19103F-16F7-4668-BE54-9A1E7A4F7556}") = "FhirKhit.CEM.XUnitTests", "Projects\Cem\FhirKhit.Cem.XUnitTests\FhirKhit.CEM.XUnitTests.csproj", "{AE825FA9-AECB-4107-AD53-CEA572F7DAAE}"
EndProject
Project("{2150E333-8FDC-42A3-9474-1A3956D46DE8}") = "Tools", "Tools", "{C9277C85-BD7D-4D69-8CEE-A81A646E97AF}"
EndProject
Project("{9A19103F-16F7-4668-BE54-9A1E7A4F7556}") = "FhirKhit.Tools", "Projects\Tools\FhirKhit.Tools\FhirKhit.Tools.csproj", "{9A456492-14D0-4D0F-9B81-AC04965516D0}"
EndProject
Project("{9A19103F-16F7-4668-BE54-9A1E7A4F7556}") = "FhirKhit.Tools.XUnitTests", "Projects\Tools\FhirKhit.Tools.XUnitTests\FhirKhit.Tools.XUnitTests.csproj", "{4DB529BB-9451-4D9C-93D0-C4A485E7844C}"
EndProject
Project("{9A19103F-16F7-4668-BE54-9A1E7A4F7556}") = "FhirKhit.Tools.R4", "Projects\Tools\FhirKhit.Tools.r4\FhirKhit.Tools.R4.csproj", "{A388F621-7132-4EA3-B027-6D7F3440F5D7}"
EndProject
Project("{9A19103F-16F7-4668-BE54-9A1E7A4F7556}") = "FhirKhit.Tools.R4.XUnitTests", "Projects\Tools\FhirKhit.Tools.R4.XUnitTests\FhirKhit.Tools.R4.XUnitTests.csproj", "{94C3D942-312B-4E14-B7BF-F3471E85CD52}"
EndProject
Project("{9A19103F-16F7-4668-BE54-9A1E7A4F7556}") = "FhirKhit.Tools.R2", "Projects\Tools\FhirKhit.Tools.R2\FhirKhit.Tools.R2.csproj", "{19E9DDC7-96F7-4F04-876E-91CF40C9BCA4}"
EndProject
Project("{9A19103F-16F7-4668-BE54-9A1E7A4F7556}") = "FhirKhit.Tools.R2.XUnitTests", "Projects\Tools\FhirKhit.Tools.R2.XUnitTests\FhirKhit.Tools.R2.XUnitTests.csproj", "{8604FD96-EE63-4B76-9527-8A205F537F83}"
EndProject
Project("{9A19103F-16F7-4668-BE54-9A1E7A4F7556}") = "FhirKhit.Tools.R3", "Projects\Tools\FhirKhit.Tools.R3\FhirKhit.Tools.R3.csproj", "{A9549593-AAA4-44B2-A91D-FF473A58F13E}"
EndProject
Project("{9A19103F-16F7-4668-BE54-9A1E7A4F7556}") = "FhirKhit.Tools.R3.XUnitTests", "Projects\Tools\FhirKhit.Tools.R3.XUnitTests\FhirKhit.Tools.R3.XUnitTests.csproj", "{1844E064-0460-4076-82B8-D2FD74AEDB8D}"
EndProject
Project("{D954291E-2A0B-460D-934E-DC6B0785DB48}") = "FhirKhit.Tools.Shared", "Projects\Tools\FhirKhit.Tools.Shared\FhirKhit.Tools.Shared.shproj", "{BF3E3A97-3B43-44AA-838C-24E5E32BE8C5}"
EndProject
Project("{D954291E-2A0B-460D-934E-DC6B0785DB48}") = "FhirKhit.Tools.SharedTests", "Projects\Tools\FhirKhit.Tools.SharedTests\FhirKhit.Tools.SharedTests.shproj", "{A0663C6D-3386-4C88-A186-B288530EB107}"
EndProject
Project("{9A19103F-16F7-4668-BE54-9A1E7A4F7556}") = "FhirKhit.CEM", "Projects\Cem\FhirKhit.CEM\FhirKhit.CEM.csproj", "{7252CBB1-AF8E-4C24-BA03-C0338D9077E8}"
EndProject
Project("{2150E333-8FDC-42A3-9474-1A3956D46DE8}") = "CIMPL", "CIMPL", "{FE56EF3F-965B-406A-B164-7D8D1E4E72DA}"
EndProject
Project("{2150E333-8FDC-42A3-9474-1A3956D46DE8}") = "BreastRadReport", "BreastRadReport", "{1CFD4801-8A23-4AE8-B710-3EFCCF1B6E78}"
EndProject
Project("{9A19103F-16F7-4668-BE54-9A1E7A4F7556}") = "FhirKhit.BreastRadReport.XUnitTests", "Projects\BreastRadReport\FhirKhit.BreastRadReport.XUnitTests\FhirKhit.BreastRadReport.XUnitTests.csproj", "{CDC6A323-9E2D-46E9-B599-8D432A4133F5}"
EndProject
Project("{2150E333-8FDC-42A3-9474-1A3956D46DE8}") = "Terminology", "Terminology", "{522C3F90-789F-4710-88DB-3CBBD4A7D2FE}"
EndProject
Project("{9A19103F-16F7-4668-BE54-9A1E7A4F7556}") = "FhirKhit.Terminology.SOLOR", "Projects\Terminology\FhirKhit.Terminology.SOLOR\FhirKhit.Terminology.SOLOR.csproj", "{A02DBBEF-6F97-48E1-9E43-FB1C53904CD6}"
EndProject
Project("{9A19103F-16F7-4668-BE54-9A1E7A4F7556}") = "FhirKhit.Terminology.Common", "Projects\Terminology\FhirKhit.Terminology.Common\FhirKhit.Terminology.Common.csproj", "{3DF726B4-BD8B-41B1-8476-25BFF82C18FE}"
EndProject
Project("{9A19103F-16F7-4668-BE54-9A1E7A4F7556}") = "FhirKhit.ModelDefToCIMPL", "Projects\CIMPL\FhirKhit.ModelDefToCIMPL\FhirKhit.ModelDefToCIMPL.csproj", "{33B9560D-BC5D-4C73-830F-0E318EDD85B4}"
EndProject
Project("{9A19103F-16F7-4668-BE54-9A1E7A4F7556}") = "FhirKhit.CIMPL.XUnitTests", "Projects\CIMPL\FhirKhit.CIMPL.XUnitTests\FhirKhit.CIMPL.XUnitTests.csproj", "{97DC5844-C917-4D3A-B0F2-2160EEF0DC14}"
EndProject
Project("{9A19103F-16F7-4668-BE54-9A1E7A4F7556}") = "FhirKhit.ModelLabsToModelDef", "Projects\Tools\FhirKhit.ModelLabsToModelDef\FhirKhit.ModelLabsToModelDef.csproj", "{009FA1D7-CAC6-40D9-8DE3-AFFAB1F60754}"
EndProject
Project("{D954291E-2A0B-460D-934E-DC6B0785DB48}") = "FhirKhit.ProfGen.Shared", "Projects\ProfGen\Shared\FhirKhit.ProfGen.Shared\FhirKhit.ProfGen.Shared.shproj", "{6F57DCB2-CAA2-4ABF-8AFB-C899B460149B}"
EndProject
Project("{9A19103F-16F7-4668-BE54-9A1E7A4F7556}") = "FhirKhit.ProfGen.R3", "Projects\ProfGen\R3\FhirKhit.ProfGen.R3\FhirKhit.ProfGen.R3.csproj", "{25788796-E1E7-45E2-8AAB-F8F5275BE5EB}"
EndProject
Project("{D954291E-2A0B-460D-934E-DC6B0785DB48}") = "FhirKhit.ProfGen.Shared.XUnitTests", "Projects\ProfGen\Shared\FhirKhit.ProfGen.Shared.XUnitTests\FhirKhit.ProfGen.Shared.XUnitTests.shproj", "{E11548B9-456F-4572-B673-7BB1D04D1A71}"
EndProject
Project("{9A19103F-16F7-4668-BE54-9A1E7A4F7556}") = "FhirKhit.ProfGen.XUnitTests.R3", "Projects\ProfGen\R3\FhirKhit.ProfGen.XUnitTests.R3\FhirKhit.ProfGen.XUnitTests.R3.csproj", "{EA51C963-4836-4C92-A48E-7AB7EA9CB5EA}"
EndProject
Project("{D954291E-2A0B-460D-934E-DC6B0785DB48}") = "FhirKhit.ProfGen.Shared.GenTests", "Projects\ProfGen\Shared\FhirKhit.ProfGen.Shared.GenTests\FhirKhit.ProfGen.Shared.GenTests.shproj", "{A9EA6A0E-CD01-4636-87D2-F1C725E85604}"
EndProject
Project("{9A19103F-16F7-4668-BE54-9A1E7A4F7556}") = "FhirKhit.ProfGen.GenTests.R3", "Projects\ProfGen\R3\FhirKhit.ProfGen.GenTests.R3\FhirKhit.ProfGen.GenTests.R3.csproj", "{CDB03203-5824-4F50-9E2B-6CA5CF51644C}"
EndProject
Project("{2150E333-8FDC-42A3-9474-1A3956D46DE8}") = "Shared", "Shared", "{B5CD7292-424D-432E-9797-8C5169231A04}"
EndProject
Project("{2150E333-8FDC-42A3-9474-1A3956D46DE8}") = "R3", "R3", "{95000C1A-5FCC-4609-9403-0BDB208D37B9}"
EndProject
Project("{D954291E-2A0B-460D-934E-DC6B0785DB48}") = "FhirKhit.ProfGen.SharedLib", "Projects\ProfGen\Shared\FhirKhit.ProfGen.SharedLib\FhirKhit.ProfGen.SharedLib.shproj", "{4CE0F4A3-01E9-4BBB-8CDF-0CFE0C4F0DA2}"
EndProject
Project("{2150E333-8FDC-42A3-9474-1A3956D46DE8}") = "BreastRadIG", "BreastRadIG", "{D3D9BA4C-63A9-4B23-828F-14BAF8219789}"
EndProject
Project("{9A19103F-16F7-4668-BE54-9A1E7A4F7556}") = "FhirKhit.BreastRadIG.XUnitTests", "Projects\BreastRadIG\FhirKhit.BreastRadIG.XUnitTests\FhirKhit.BreastRadIG.XUnitTests.csproj", "{01B3CF53-A3F3-42BB-B7E4-8C376B4EEC79}"
EndProject
Project("{2150E333-8FDC-42A3-9474-1A3956D46DE8}") = "R4", "R4", "{75C61F9E-DE81-4438-9D85-966E7D3CC4A7}"
EndProject
Project("{9A19103F-16F7-4668-BE54-9A1E7A4F7556}") = "FhirKhit.ProfGen.GenTests.R4", "Projects\ProfGen\R4\FhirKhit.ProfGen.GenTests.R4\FhirKhit.ProfGen.GenTests.R4.csproj", "{EEE3F99A-E31F-49D7-92DF-B57FF4FB6521}"
EndProject
Project("{9A19103F-16F7-4668-BE54-9A1E7A4F7556}") = "FhirKhit.ProfGen.R4", "Projects\ProfGen\R4\FhirKhit.ProfGen.R4\FhirKhit.ProfGen.R4.csproj", "{C4D7C099-811E-482E-9414-44470A55C808}"
EndProject
Project("{9A19103F-16F7-4668-BE54-9A1E7A4F7556}") = "FhirKhit.ProfGen.XUnitTests.R4", "Projects\ProfGen\R4\FhirKhit.ProfGen.XUnitTests.R4\FhirKhit.ProfGen.XUnitTests.R4.csproj", "{C2C0B516-3B8C-4950-8FBB-9E198E204440}"
EndProject
Global
	GlobalSection(SharedMSBuildProjectFiles) = preSolution
		Projects\ProfGen\Shared\FhirKhit.ProfGen.SharedLib\FhirKhit.ProfGen.SharedLib.projitems*{4ce0f4a3-01e9-4bbb-8cdf-0cfe0c4f0da2}*SharedItemsImports = 13
		Projects\ProfGen\Shared\FhirKhit.ProfGen.Shared\FhirKhit.ProfGen.Shared.projitems*{6f57dcb2-caa2-4abf-8afb-c899b460149b}*SharedItemsImports = 13
		Projects\Tools\FhirKhit.Tools.SharedTests\FhirKhit.Tools.SharedTests.projitems*{a0663c6d-3386-4c88-a186-b288530eb107}*SharedItemsImports = 13
		Projects\ProfGen\Shared\FhirKhit.ProfGen.Shared.GenTests\FhirKhit.ProfGen.Shared.GenTests.projitems*{a9ea6a0e-cd01-4636-87d2-f1c725e85604}*SharedItemsImports = 13
		Projects\Tools\FhirKhit.Tools.Shared\FhirKhit.Tools.Shared.projitems*{bf3e3a97-3b43-44aa-838c-24e5e32be8c5}*SharedItemsImports = 13
		Projects\ProfGen\Shared\FhirKhit.ProfGen.Shared.XUnitTests\FhirKhit.ProfGen.Shared.XUnitTests.projitems*{e11548b9-456f-4572-b673-7bb1d04d1a71}*SharedItemsImports = 13
	EndGlobalSection
	GlobalSection(SolutionConfigurationPlatforms) = preSolution
		Debug|Any CPU = Debug|Any CPU
		Debug|x64 = Debug|x64
		Release|Any CPU = Release|Any CPU
		Release|x64 = Release|x64
	EndGlobalSection
	GlobalSection(ProjectConfigurationPlatforms) = postSolution
		{0057C81F-CC27-4B2B-A253-BC320C55840D}.Debug|Any CPU.ActiveCfg = Debug|Any CPU
		{0057C81F-CC27-4B2B-A253-BC320C55840D}.Debug|Any CPU.Build.0 = Debug|Any CPU
		{0057C81F-CC27-4B2B-A253-BC320C55840D}.Debug|x64.ActiveCfg = Debug|x64
		{0057C81F-CC27-4B2B-A253-BC320C55840D}.Debug|x64.Build.0 = Debug|x64
		{0057C81F-CC27-4B2B-A253-BC320C55840D}.Release|Any CPU.ActiveCfg = Release|Any CPU
		{0057C81F-CC27-4B2B-A253-BC320C55840D}.Release|Any CPU.Build.0 = Release|Any CPU
		{0057C81F-CC27-4B2B-A253-BC320C55840D}.Release|x64.ActiveCfg = Release|x64
		{0057C81F-CC27-4B2B-A253-BC320C55840D}.Release|x64.Build.0 = Release|x64
		{7C1FD6AB-B6FA-490A-BEE8-B2B77121CC0B}.Debug|Any CPU.ActiveCfg = Debug|Any CPU
		{7C1FD6AB-B6FA-490A-BEE8-B2B77121CC0B}.Debug|Any CPU.Build.0 = Debug|Any CPU
		{7C1FD6AB-B6FA-490A-BEE8-B2B77121CC0B}.Debug|x64.ActiveCfg = Debug|Any CPU
		{7C1FD6AB-B6FA-490A-BEE8-B2B77121CC0B}.Debug|x64.Build.0 = Debug|Any CPU
		{7C1FD6AB-B6FA-490A-BEE8-B2B77121CC0B}.Release|Any CPU.ActiveCfg = Release|Any CPU
		{7C1FD6AB-B6FA-490A-BEE8-B2B77121CC0B}.Release|Any CPU.Build.0 = Release|Any CPU
		{7C1FD6AB-B6FA-490A-BEE8-B2B77121CC0B}.Release|x64.ActiveCfg = Release|Any CPU
		{7C1FD6AB-B6FA-490A-BEE8-B2B77121CC0B}.Release|x64.Build.0 = Release|Any CPU
		{AE825FA9-AECB-4107-AD53-CEA572F7DAAE}.Debug|Any CPU.ActiveCfg = Debug|Any CPU
		{AE825FA9-AECB-4107-AD53-CEA572F7DAAE}.Debug|Any CPU.Build.0 = Debug|Any CPU
		{AE825FA9-AECB-4107-AD53-CEA572F7DAAE}.Debug|x64.ActiveCfg = Debug|Any CPU
		{AE825FA9-AECB-4107-AD53-CEA572F7DAAE}.Debug|x64.Build.0 = Debug|Any CPU
		{AE825FA9-AECB-4107-AD53-CEA572F7DAAE}.Release|Any CPU.ActiveCfg = Release|Any CPU
		{AE825FA9-AECB-4107-AD53-CEA572F7DAAE}.Release|Any CPU.Build.0 = Release|Any CPU
		{AE825FA9-AECB-4107-AD53-CEA572F7DAAE}.Release|x64.ActiveCfg = Release|Any CPU
		{AE825FA9-AECB-4107-AD53-CEA572F7DAAE}.Release|x64.Build.0 = Release|Any CPU
		{9A456492-14D0-4D0F-9B81-AC04965516D0}.Debug|Any CPU.ActiveCfg = Debug|Any CPU
		{9A456492-14D0-4D0F-9B81-AC04965516D0}.Debug|Any CPU.Build.0 = Debug|Any CPU
		{9A456492-14D0-4D0F-9B81-AC04965516D0}.Debug|x64.ActiveCfg = Debug|x64
		{9A456492-14D0-4D0F-9B81-AC04965516D0}.Debug|x64.Build.0 = Debug|x64
		{9A456492-14D0-4D0F-9B81-AC04965516D0}.Release|Any CPU.ActiveCfg = Release|Any CPU
		{9A456492-14D0-4D0F-9B81-AC04965516D0}.Release|Any CPU.Build.0 = Release|Any CPU
		{9A456492-14D0-4D0F-9B81-AC04965516D0}.Release|x64.ActiveCfg = Release|x64
		{9A456492-14D0-4D0F-9B81-AC04965516D0}.Release|x64.Build.0 = Release|x64
		{4DB529BB-9451-4D9C-93D0-C4A485E7844C}.Debug|Any CPU.ActiveCfg = Debug|Any CPU
		{4DB529BB-9451-4D9C-93D0-C4A485E7844C}.Debug|Any CPU.Build.0 = Debug|Any CPU
		{4DB529BB-9451-4D9C-93D0-C4A485E7844C}.Debug|x64.ActiveCfg = Debug|Any CPU
		{4DB529BB-9451-4D9C-93D0-C4A485E7844C}.Debug|x64.Build.0 = Debug|Any CPU
		{4DB529BB-9451-4D9C-93D0-C4A485E7844C}.Release|Any CPU.ActiveCfg = Release|Any CPU
		{4DB529BB-9451-4D9C-93D0-C4A485E7844C}.Release|Any CPU.Build.0 = Release|Any CPU
		{4DB529BB-9451-4D9C-93D0-C4A485E7844C}.Release|x64.ActiveCfg = Release|Any CPU
		{4DB529BB-9451-4D9C-93D0-C4A485E7844C}.Release|x64.Build.0 = Release|Any CPU
		{A388F621-7132-4EA3-B027-6D7F3440F5D7}.Debug|Any CPU.ActiveCfg = Debug|Any CPU
		{A388F621-7132-4EA3-B027-6D7F3440F5D7}.Debug|Any CPU.Build.0 = Debug|Any CPU
		{A388F621-7132-4EA3-B027-6D7F3440F5D7}.Debug|x64.ActiveCfg = Debug|x64
		{A388F621-7132-4EA3-B027-6D7F3440F5D7}.Debug|x64.Build.0 = Debug|x64
		{A388F621-7132-4EA3-B027-6D7F3440F5D7}.Release|Any CPU.ActiveCfg = Release|Any CPU
		{A388F621-7132-4EA3-B027-6D7F3440F5D7}.Release|Any CPU.Build.0 = Release|Any CPU
		{A388F621-7132-4EA3-B027-6D7F3440F5D7}.Release|x64.ActiveCfg = Release|x64
		{A388F621-7132-4EA3-B027-6D7F3440F5D7}.Release|x64.Build.0 = Release|x64
		{94C3D942-312B-4E14-B7BF-F3471E85CD52}.Debug|Any CPU.ActiveCfg = Debug|Any CPU
		{94C3D942-312B-4E14-B7BF-F3471E85CD52}.Debug|Any CPU.Build.0 = Debug|Any CPU
		{94C3D942-312B-4E14-B7BF-F3471E85CD52}.Debug|x64.ActiveCfg = Debug|Any CPU
		{94C3D942-312B-4E14-B7BF-F3471E85CD52}.Debug|x64.Build.0 = Debug|Any CPU
		{94C3D942-312B-4E14-B7BF-F3471E85CD52}.Release|Any CPU.ActiveCfg = Release|Any CPU
		{94C3D942-312B-4E14-B7BF-F3471E85CD52}.Release|Any CPU.Build.0 = Release|Any CPU
		{94C3D942-312B-4E14-B7BF-F3471E85CD52}.Release|x64.ActiveCfg = Release|Any CPU
		{94C3D942-312B-4E14-B7BF-F3471E85CD52}.Release|x64.Build.0 = Release|Any CPU
		{19E9DDC7-96F7-4F04-876E-91CF40C9BCA4}.Debug|Any CPU.ActiveCfg = Debug|Any CPU
		{19E9DDC7-96F7-4F04-876E-91CF40C9BCA4}.Debug|Any CPU.Build.0 = Debug|Any CPU
		{19E9DDC7-96F7-4F04-876E-91CF40C9BCA4}.Debug|x64.ActiveCfg = Debug|x64
		{19E9DDC7-96F7-4F04-876E-91CF40C9BCA4}.Debug|x64.Build.0 = Debug|x64
		{19E9DDC7-96F7-4F04-876E-91CF40C9BCA4}.Release|Any CPU.ActiveCfg = Release|Any CPU
		{19E9DDC7-96F7-4F04-876E-91CF40C9BCA4}.Release|Any CPU.Build.0 = Release|Any CPU
		{19E9DDC7-96F7-4F04-876E-91CF40C9BCA4}.Release|x64.ActiveCfg = Release|x64
		{19E9DDC7-96F7-4F04-876E-91CF40C9BCA4}.Release|x64.Build.0 = Release|x64
		{8604FD96-EE63-4B76-9527-8A205F537F83}.Debug|Any CPU.ActiveCfg = Debug|Any CPU
		{8604FD96-EE63-4B76-9527-8A205F537F83}.Debug|Any CPU.Build.0 = Debug|Any CPU
		{8604FD96-EE63-4B76-9527-8A205F537F83}.Debug|x64.ActiveCfg = Debug|Any CPU
		{8604FD96-EE63-4B76-9527-8A205F537F83}.Debug|x64.Build.0 = Debug|Any CPU
		{8604FD96-EE63-4B76-9527-8A205F537F83}.Release|Any CPU.ActiveCfg = Release|Any CPU
		{8604FD96-EE63-4B76-9527-8A205F537F83}.Release|Any CPU.Build.0 = Release|Any CPU
		{8604FD96-EE63-4B76-9527-8A205F537F83}.Release|x64.ActiveCfg = Release|Any CPU
		{8604FD96-EE63-4B76-9527-8A205F537F83}.Release|x64.Build.0 = Release|Any CPU
		{A9549593-AAA4-44B2-A91D-FF473A58F13E}.Debug|Any CPU.ActiveCfg = Debug|Any CPU
		{A9549593-AAA4-44B2-A91D-FF473A58F13E}.Debug|Any CPU.Build.0 = Debug|Any CPU
		{A9549593-AAA4-44B2-A91D-FF473A58F13E}.Debug|x64.ActiveCfg = Debug|x64
		{A9549593-AAA4-44B2-A91D-FF473A58F13E}.Debug|x64.Build.0 = Debug|x64
		{A9549593-AAA4-44B2-A91D-FF473A58F13E}.Release|Any CPU.ActiveCfg = Release|Any CPU
		{A9549593-AAA4-44B2-A91D-FF473A58F13E}.Release|Any CPU.Build.0 = Release|Any CPU
		{A9549593-AAA4-44B2-A91D-FF473A58F13E}.Release|x64.ActiveCfg = Release|x64
		{A9549593-AAA4-44B2-A91D-FF473A58F13E}.Release|x64.Build.0 = Release|x64
		{1844E064-0460-4076-82B8-D2FD74AEDB8D}.Debug|Any CPU.ActiveCfg = Debug|Any CPU
		{1844E064-0460-4076-82B8-D2FD74AEDB8D}.Debug|Any CPU.Build.0 = Debug|Any CPU
		{1844E064-0460-4076-82B8-D2FD74AEDB8D}.Debug|x64.ActiveCfg = Debug|Any CPU
		{1844E064-0460-4076-82B8-D2FD74AEDB8D}.Debug|x64.Build.0 = Debug|Any CPU
		{1844E064-0460-4076-82B8-D2FD74AEDB8D}.Release|Any CPU.ActiveCfg = Release|Any CPU
		{1844E064-0460-4076-82B8-D2FD74AEDB8D}.Release|Any CPU.Build.0 = Release|Any CPU
		{1844E064-0460-4076-82B8-D2FD74AEDB8D}.Release|x64.ActiveCfg = Release|Any CPU
		{1844E064-0460-4076-82B8-D2FD74AEDB8D}.Release|x64.Build.0 = Release|Any CPU
		{7252CBB1-AF8E-4C24-BA03-C0338D9077E8}.Debug|Any CPU.ActiveCfg = Debug|Any CPU
		{7252CBB1-AF8E-4C24-BA03-C0338D9077E8}.Debug|Any CPU.Build.0 = Debug|Any CPU
		{7252CBB1-AF8E-4C24-BA03-C0338D9077E8}.Debug|x64.ActiveCfg = Debug|x64
		{7252CBB1-AF8E-4C24-BA03-C0338D9077E8}.Debug|x64.Build.0 = Debug|x64
		{7252CBB1-AF8E-4C24-BA03-C0338D9077E8}.Release|Any CPU.ActiveCfg = Release|Any CPU
		{7252CBB1-AF8E-4C24-BA03-C0338D9077E8}.Release|Any CPU.Build.0 = Release|Any CPU
		{7252CBB1-AF8E-4C24-BA03-C0338D9077E8}.Release|x64.ActiveCfg = Release|x64
		{7252CBB1-AF8E-4C24-BA03-C0338D9077E8}.Release|x64.Build.0 = Release|x64
		{CDC6A323-9E2D-46E9-B599-8D432A4133F5}.Debug|Any CPU.ActiveCfg = Debug|Any CPU
		{CDC6A323-9E2D-46E9-B599-8D432A4133F5}.Debug|Any CPU.Build.0 = Debug|Any CPU
		{CDC6A323-9E2D-46E9-B599-8D432A4133F5}.Debug|x64.ActiveCfg = Debug|Any CPU
		{CDC6A323-9E2D-46E9-B599-8D432A4133F5}.Debug|x64.Build.0 = Debug|Any CPU
		{CDC6A323-9E2D-46E9-B599-8D432A4133F5}.Release|Any CPU.ActiveCfg = Release|Any CPU
		{CDC6A323-9E2D-46E9-B599-8D432A4133F5}.Release|Any CPU.Build.0 = Release|Any CPU
		{CDC6A323-9E2D-46E9-B599-8D432A4133F5}.Release|x64.ActiveCfg = Release|Any CPU
		{CDC6A323-9E2D-46E9-B599-8D432A4133F5}.Release|x64.Build.0 = Release|Any CPU
		{A02DBBEF-6F97-48E1-9E43-FB1C53904CD6}.Debug|Any CPU.ActiveCfg = Debug|Any CPU
		{A02DBBEF-6F97-48E1-9E43-FB1C53904CD6}.Debug|Any CPU.Build.0 = Debug|Any CPU
		{A02DBBEF-6F97-48E1-9E43-FB1C53904CD6}.Debug|x64.ActiveCfg = Debug|Any CPU
		{A02DBBEF-6F97-48E1-9E43-FB1C53904CD6}.Debug|x64.Build.0 = Debug|Any CPU
		{A02DBBEF-6F97-48E1-9E43-FB1C53904CD6}.Release|Any CPU.ActiveCfg = Release|Any CPU
		{A02DBBEF-6F97-48E1-9E43-FB1C53904CD6}.Release|Any CPU.Build.0 = Release|Any CPU
		{A02DBBEF-6F97-48E1-9E43-FB1C53904CD6}.Release|x64.ActiveCfg = Release|Any CPU
		{A02DBBEF-6F97-48E1-9E43-FB1C53904CD6}.Release|x64.Build.0 = Release|Any CPU
		{3DF726B4-BD8B-41B1-8476-25BFF82C18FE}.Debug|Any CPU.ActiveCfg = Debug|Any CPU
		{3DF726B4-BD8B-41B1-8476-25BFF82C18FE}.Debug|Any CPU.Build.0 = Debug|Any CPU
		{3DF726B4-BD8B-41B1-8476-25BFF82C18FE}.Debug|x64.ActiveCfg = Debug|Any CPU
		{3DF726B4-BD8B-41B1-8476-25BFF82C18FE}.Debug|x64.Build.0 = Debug|Any CPU
		{3DF726B4-BD8B-41B1-8476-25BFF82C18FE}.Release|Any CPU.ActiveCfg = Release|Any CPU
		{3DF726B4-BD8B-41B1-8476-25BFF82C18FE}.Release|Any CPU.Build.0 = Release|Any CPU
		{3DF726B4-BD8B-41B1-8476-25BFF82C18FE}.Release|x64.ActiveCfg = Release|Any CPU
		{3DF726B4-BD8B-41B1-8476-25BFF82C18FE}.Release|x64.Build.0 = Release|Any CPU
		{33B9560D-BC5D-4C73-830F-0E318EDD85B4}.Debug|Any CPU.ActiveCfg = Debug|Any CPU
		{33B9560D-BC5D-4C73-830F-0E318EDD85B4}.Debug|Any CPU.Build.0 = Debug|Any CPU
		{33B9560D-BC5D-4C73-830F-0E318EDD85B4}.Debug|x64.ActiveCfg = Debug|x64
		{33B9560D-BC5D-4C73-830F-0E318EDD85B4}.Debug|x64.Build.0 = Debug|x64
		{33B9560D-BC5D-4C73-830F-0E318EDD85B4}.Release|Any CPU.ActiveCfg = Release|Any CPU
		{33B9560D-BC5D-4C73-830F-0E318EDD85B4}.Release|Any CPU.Build.0 = Release|Any CPU
		{33B9560D-BC5D-4C73-830F-0E318EDD85B4}.Release|x64.ActiveCfg = Release|x64
		{33B9560D-BC5D-4C73-830F-0E318EDD85B4}.Release|x64.Build.0 = Release|x64
		{97DC5844-C917-4D3A-B0F2-2160EEF0DC14}.Debug|Any CPU.ActiveCfg = Debug|Any CPU
		{97DC5844-C917-4D3A-B0F2-2160EEF0DC14}.Debug|Any CPU.Build.0 = Debug|Any CPU
		{97DC5844-C917-4D3A-B0F2-2160EEF0DC14}.Debug|x64.ActiveCfg = Debug|Any CPU
		{97DC5844-C917-4D3A-B0F2-2160EEF0DC14}.Debug|x64.Build.0 = Debug|Any CPU
		{97DC5844-C917-4D3A-B0F2-2160EEF0DC14}.Release|Any CPU.ActiveCfg = Release|Any CPU
		{97DC5844-C917-4D3A-B0F2-2160EEF0DC14}.Release|Any CPU.Build.0 = Release|Any CPU
		{97DC5844-C917-4D3A-B0F2-2160EEF0DC14}.Release|x64.ActiveCfg = Release|Any CPU
		{97DC5844-C917-4D3A-B0F2-2160EEF0DC14}.Release|x64.Build.0 = Release|Any CPU
		{009FA1D7-CAC6-40D9-8DE3-AFFAB1F60754}.Debug|Any CPU.ActiveCfg = Debug|Any CPU
		{009FA1D7-CAC6-40D9-8DE3-AFFAB1F60754}.Debug|Any CPU.Build.0 = Debug|Any CPU
		{009FA1D7-CAC6-40D9-8DE3-AFFAB1F60754}.Debug|x64.ActiveCfg = Debug|x64
		{009FA1D7-CAC6-40D9-8DE3-AFFAB1F60754}.Debug|x64.Build.0 = Debug|x64
		{009FA1D7-CAC6-40D9-8DE3-AFFAB1F60754}.Release|Any CPU.ActiveCfg = Release|Any CPU
		{009FA1D7-CAC6-40D9-8DE3-AFFAB1F60754}.Release|Any CPU.Build.0 = Release|Any CPU
		{009FA1D7-CAC6-40D9-8DE3-AFFAB1F60754}.Release|x64.ActiveCfg = Release|x64
		{009FA1D7-CAC6-40D9-8DE3-AFFAB1F60754}.Release|x64.Build.0 = Release|x64
		{25788796-E1E7-45E2-8AAB-F8F5275BE5EB}.Debug|Any CPU.ActiveCfg = Debug|Any CPU
		{25788796-E1E7-45E2-8AAB-F8F5275BE5EB}.Debug|Any CPU.Build.0 = Debug|Any CPU
		{25788796-E1E7-45E2-8AAB-F8F5275BE5EB}.Debug|x64.ActiveCfg = Debug|Any CPU
		{25788796-E1E7-45E2-8AAB-F8F5275BE5EB}.Debug|x64.Build.0 = Debug|Any CPU
		{25788796-E1E7-45E2-8AAB-F8F5275BE5EB}.Release|Any CPU.ActiveCfg = Release|Any CPU
		{25788796-E1E7-45E2-8AAB-F8F5275BE5EB}.Release|Any CPU.Build.0 = Release|Any CPU
		{25788796-E1E7-45E2-8AAB-F8F5275BE5EB}.Release|x64.ActiveCfg = Release|Any CPU
		{25788796-E1E7-45E2-8AAB-F8F5275BE5EB}.Release|x64.Build.0 = Release|Any CPU
		{EA51C963-4836-4C92-A48E-7AB7EA9CB5EA}.Debug|Any CPU.ActiveCfg = Debug|Any CPU
		{EA51C963-4836-4C92-A48E-7AB7EA9CB5EA}.Debug|Any CPU.Build.0 = Debug|Any CPU
		{EA51C963-4836-4C92-A48E-7AB7EA9CB5EA}.Debug|x64.ActiveCfg = Debug|Any CPU
		{EA51C963-4836-4C92-A48E-7AB7EA9CB5EA}.Debug|x64.Build.0 = Debug|Any CPU
		{EA51C963-4836-4C92-A48E-7AB7EA9CB5EA}.Release|Any CPU.ActiveCfg = Release|Any CPU
		{EA51C963-4836-4C92-A48E-7AB7EA9CB5EA}.Release|Any CPU.Build.0 = Release|Any CPU
		{EA51C963-4836-4C92-A48E-7AB7EA9CB5EA}.Release|x64.ActiveCfg = Release|Any CPU
		{EA51C963-4836-4C92-A48E-7AB7EA9CB5EA}.Release|x64.Build.0 = Release|Any CPU
		{CDB03203-5824-4F50-9E2B-6CA5CF51644C}.Debug|Any CPU.ActiveCfg = Debug|Any CPU
		{CDB03203-5824-4F50-9E2B-6CA5CF51644C}.Debug|Any CPU.Build.0 = Debug|Any CPU
		{CDB03203-5824-4F50-9E2B-6CA5CF51644C}.Debug|x64.ActiveCfg = Debug|Any CPU
		{CDB03203-5824-4F50-9E2B-6CA5CF51644C}.Debug|x64.Build.0 = Debug|Any CPU
		{CDB03203-5824-4F50-9E2B-6CA5CF51644C}.Release|Any CPU.ActiveCfg = Release|Any CPU
		{CDB03203-5824-4F50-9E2B-6CA5CF51644C}.Release|Any CPU.Build.0 = Release|Any CPU
		{CDB03203-5824-4F50-9E2B-6CA5CF51644C}.Release|x64.ActiveCfg = Release|Any CPU
		{CDB03203-5824-4F50-9E2B-6CA5CF51644C}.Release|x64.Build.0 = Release|Any CPU
		{01B3CF53-A3F3-42BB-B7E4-8C376B4EEC79}.Debug|Any CPU.ActiveCfg = Debug|Any CPU
		{01B3CF53-A3F3-42BB-B7E4-8C376B4EEC79}.Debug|Any CPU.Build.0 = Debug|Any CPU
		{01B3CF53-A3F3-42BB-B7E4-8C376B4EEC79}.Debug|x64.ActiveCfg = Debug|Any CPU
		{01B3CF53-A3F3-42BB-B7E4-8C376B4EEC79}.Debug|x64.Build.0 = Debug|Any CPU
		{01B3CF53-A3F3-42BB-B7E4-8C376B4EEC79}.Release|Any CPU.ActiveCfg = Release|Any CPU
		{01B3CF53-A3F3-42BB-B7E4-8C376B4EEC79}.Release|Any CPU.Build.0 = Release|Any CPU
		{01B3CF53-A3F3-42BB-B7E4-8C376B4EEC79}.Release|x64.ActiveCfg = Release|Any CPU
		{01B3CF53-A3F3-42BB-B7E4-8C376B4EEC79}.Release|x64.Build.0 = Release|Any CPU
		{EEE3F99A-E31F-49D7-92DF-B57FF4FB6521}.Debug|Any CPU.ActiveCfg = Debug|Any CPU
		{EEE3F99A-E31F-49D7-92DF-B57FF4FB6521}.Debug|Any CPU.Build.0 = Debug|Any CPU
		{EEE3F99A-E31F-49D7-92DF-B57FF4FB6521}.Debug|x64.ActiveCfg = Debug|Any CPU
		{EEE3F99A-E31F-49D7-92DF-B57FF4FB6521}.Debug|x64.Build.0 = Debug|Any CPU
		{EEE3F99A-E31F-49D7-92DF-B57FF4FB6521}.Release|Any CPU.ActiveCfg = Release|Any CPU
		{EEE3F99A-E31F-49D7-92DF-B57FF4FB6521}.Release|Any CPU.Build.0 = Release|Any CPU
		{EEE3F99A-E31F-49D7-92DF-B57FF4FB6521}.Release|x64.ActiveCfg = Release|Any CPU
		{EEE3F99A-E31F-49D7-92DF-B57FF4FB6521}.Release|x64.Build.0 = Release|Any CPU
		{C4D7C099-811E-482E-9414-44470A55C808}.Debug|Any CPU.ActiveCfg = Debug|Any CPU
		{C4D7C099-811E-482E-9414-44470A55C808}.Debug|Any CPU.Build.0 = Debug|Any CPU
		{C4D7C099-811E-482E-9414-44470A55C808}.Debug|x64.ActiveCfg = Debug|Any CPU
		{C4D7C099-811E-482E-9414-44470A55C808}.Debug|x64.Build.0 = Debug|Any CPU
		{C4D7C099-811E-482E-9414-44470A55C808}.Release|Any CPU.ActiveCfg = Release|Any CPU
		{C4D7C099-811E-482E-9414-44470A55C808}.Release|Any CPU.Build.0 = Release|Any CPU
		{C4D7C099-811E-482E-9414-44470A55C808}.Release|x64.ActiveCfg = Release|Any CPU
		{C4D7C099-811E-482E-9414-44470A55C808}.Release|x64.Build.0 = Release|Any CPU
		{C2C0B516-3B8C-4950-8FBB-9E198E204440}.Debug|Any CPU.ActiveCfg = Debug|Any CPU
		{C2C0B516-3B8C-4950-8FBB-9E198E204440}.Debug|Any CPU.Build.0 = Debug|Any CPU
		{C2C0B516-3B8C-4950-8FBB-9E198E204440}.Debug|x64.ActiveCfg = Debug|Any CPU
		{C2C0B516-3B8C-4950-8FBB-9E198E204440}.Debug|x64.Build.0 = Debug|Any CPU
		{C2C0B516-3B8C-4950-8FBB-9E198E204440}.Release|Any CPU.ActiveCfg = Release|Any CPU
		{C2C0B516-3B8C-4950-8FBB-9E198E204440}.Release|Any CPU.Build.0 = Release|Any CPU
		{C2C0B516-3B8C-4950-8FBB-9E198E204440}.Release|x64.ActiveCfg = Release|Any CPU
		{C2C0B516-3B8C-4950-8FBB-9E198E204440}.Release|x64.Build.0 = Release|Any CPU
	EndGlobalSection
	GlobalSection(SolutionProperties) = preSolution
		HideSolutionNode = FALSE
	EndGlobalSection
	GlobalSection(NestedProjects) = preSolution
		{0057C81F-CC27-4B2B-A253-BC320C55840D} = {A6A102BD-B7D8-4181-A4B1-FC3F20B0B2F0}
		{7C1FD6AB-B6FA-490A-BEE8-B2B77121CC0B} = {A6A102BD-B7D8-4181-A4B1-FC3F20B0B2F0}
		{AE825FA9-AECB-4107-AD53-CEA572F7DAAE} = {B6C386C5-7F1C-43B9-82F0-04E66A5292E5}
		{9A456492-14D0-4D0F-9B81-AC04965516D0} = {C9277C85-BD7D-4D69-8CEE-A81A646E97AF}
		{4DB529BB-9451-4D9C-93D0-C4A485E7844C} = {C9277C85-BD7D-4D69-8CEE-A81A646E97AF}
		{A388F621-7132-4EA3-B027-6D7F3440F5D7} = {C9277C85-BD7D-4D69-8CEE-A81A646E97AF}
		{94C3D942-312B-4E14-B7BF-F3471E85CD52} = {C9277C85-BD7D-4D69-8CEE-A81A646E97AF}
		{19E9DDC7-96F7-4F04-876E-91CF40C9BCA4} = {C9277C85-BD7D-4D69-8CEE-A81A646E97AF}
		{8604FD96-EE63-4B76-9527-8A205F537F83} = {C9277C85-BD7D-4D69-8CEE-A81A646E97AF}
		{A9549593-AAA4-44B2-A91D-FF473A58F13E} = {C9277C85-BD7D-4D69-8CEE-A81A646E97AF}
		{1844E064-0460-4076-82B8-D2FD74AEDB8D} = {C9277C85-BD7D-4D69-8CEE-A81A646E97AF}
		{BF3E3A97-3B43-44AA-838C-24E5E32BE8C5} = {C9277C85-BD7D-4D69-8CEE-A81A646E97AF}
		{A0663C6D-3386-4C88-A186-B288530EB107} = {C9277C85-BD7D-4D69-8CEE-A81A646E97AF}
		{7252CBB1-AF8E-4C24-BA03-C0338D9077E8} = {B6C386C5-7F1C-43B9-82F0-04E66A5292E5}
		{CDC6A323-9E2D-46E9-B599-8D432A4133F5} = {1CFD4801-8A23-4AE8-B710-3EFCCF1B6E78}
		{A02DBBEF-6F97-48E1-9E43-FB1C53904CD6} = {522C3F90-789F-4710-88DB-3CBBD4A7D2FE}
		{3DF726B4-BD8B-41B1-8476-25BFF82C18FE} = {522C3F90-789F-4710-88DB-3CBBD4A7D2FE}
		{33B9560D-BC5D-4C73-830F-0E318EDD85B4} = {FE56EF3F-965B-406A-B164-7D8D1E4E72DA}
		{97DC5844-C917-4D3A-B0F2-2160EEF0DC14} = {FE56EF3F-965B-406A-B164-7D8D1E4E72DA}
		{009FA1D7-CAC6-40D9-8DE3-AFFAB1F60754} = {C9277C85-BD7D-4D69-8CEE-A81A646E97AF}
		{6F57DCB2-CAA2-4ABF-8AFB-C899B460149B} = {B5CD7292-424D-432E-9797-8C5169231A04}
		{25788796-E1E7-45E2-8AAB-F8F5275BE5EB} = {95000C1A-5FCC-4609-9403-0BDB208D37B9}
		{E11548B9-456F-4572-B673-7BB1D04D1A71} = {B5CD7292-424D-432E-9797-8C5169231A04}
		{EA51C963-4836-4C92-A48E-7AB7EA9CB5EA} = {95000C1A-5FCC-4609-9403-0BDB208D37B9}
		{A9EA6A0E-CD01-4636-87D2-F1C725E85604} = {B5CD7292-424D-432E-9797-8C5169231A04}
		{CDB03203-5824-4F50-9E2B-6CA5CF51644C} = {95000C1A-5FCC-4609-9403-0BDB208D37B9}
		{B5CD7292-424D-432E-9797-8C5169231A04} = {97017A3B-D9CB-4367-9751-8AA1E6818F70}
		{95000C1A-5FCC-4609-9403-0BDB208D37B9} = {97017A3B-D9CB-4367-9751-8AA1E6818F70}
		{4CE0F4A3-01E9-4BBB-8CDF-0CFE0C4F0DA2} = {B5CD7292-424D-432E-9797-8C5169231A04}
		{01B3CF53-A3F3-42BB-B7E4-8C376B4EEC79} = {D3D9BA4C-63A9-4B23-828F-14BAF8219789}
		{75C61F9E-DE81-4438-9D85-966E7D3CC4A7} = {97017A3B-D9CB-4367-9751-8AA1E6818F70}
		{EEE3F99A-E31F-49D7-92DF-B57FF4FB6521} = {75C61F9E-DE81-4438-9D85-966E7D3CC4A7}
		{C4D7C099-811E-482E-9414-44470A55C808} = {75C61F9E-DE81-4438-9D85-966E7D3CC4A7}
		{C2C0B516-3B8C-4950-8FBB-9E198E204440} = {75C61F9E-DE81-4438-9D85-966E7D3CC4A7}
	EndGlobalSection
	GlobalSection(ExtensibilityGlobals) = postSolution
		SolutionGuid = {90499BD7-964F-4CE5-A761-BDF9EC6DCE28}
	EndGlobalSection
EndGlobal
