
Microsoft Visual Studio Solution File, Format Version 12.00
# Visual Studio Version 16
VisualStudioVersion = 16.0.29512.175
MinimumVisualStudioVersion = 10.0.40219.1
Project("{9A19103F-16F7-4668-BE54-9A1E7A4F7556}") = "xxx.XUnitTests", "xxx.XUnitTests.csproj", "{D4DFFA23-C6D1-4179-93E6-EC43FBE89176}"
EndProject
Project("{9A19103F-16F7-4668-BE54-9A1E7A4F7556}") = "FhirKhit.Tools", "..\..\Tools\FhirKhit.Tools\FhirKhit.Tools.csproj", "{B3DA950C-277B-4ECA-80E0-30267CDAC4F5}"
EndProject
Global
	GlobalSection(SolutionConfigurationPlatforms) = preSolution
		Debug|Any CPU = Debug|Any CPU
		Debug|x64 = Debug|x64
		Release|Any CPU = Release|Any CPU
		Release|x64 = Release|x64
	EndGlobalSection
	GlobalSection(ProjectConfigurationPlatforms) = postSolution
		{D4DFFA23-C6D1-4179-93E6-EC43FBE89176}.Debug|Any CPU.ActiveCfg = Debug|Any CPU
		{D4DFFA23-C6D1-4179-93E6-EC43FBE89176}.Debug|Any CPU.Build.0 = Debug|Any CPU
		{D4DFFA23-C6D1-4179-93E6-EC43FBE89176}.Debug|x64.ActiveCfg = Debug|Any CPU
		{D4DFFA23-C6D1-4179-93E6-EC43FBE89176}.Debug|x64.Build.0 = Debug|Any CPU
		{D4DFFA23-C6D1-4179-93E6-EC43FBE89176}.Release|Any CPU.ActiveCfg = Release|Any CPU
		{D4DFFA23-C6D1-4179-93E6-EC43FBE89176}.Release|Any CPU.Build.0 = Release|Any CPU
		{D4DFFA23-C6D1-4179-93E6-EC43FBE89176}.Release|x64.ActiveCfg = Release|Any CPU
		{D4DFFA23-C6D1-4179-93E6-EC43FBE89176}.Release|x64.Build.0 = Release|Any CPU
		{B3DA950C-277B-4ECA-80E0-30267CDAC4F5}.Debug|Any CPU.ActiveCfg = Debug|Any CPU
		{B3DA950C-277B-4ECA-80E0-30267CDAC4F5}.Debug|Any CPU.Build.0 = Debug|Any CPU
		{B3DA950C-277B-4ECA-80E0-30267CDAC4F5}.Debug|x64.ActiveCfg = Debug|x64
		{B3DA950C-277B-4ECA-80E0-30267CDAC4F5}.Debug|x64.Build.0 = Debug|x64
		{B3DA950C-277B-4ECA-80E0-30267CDAC4F5}.Release|Any CPU.ActiveCfg = Release|Any CPU
		{B3DA950C-277B-4ECA-80E0-30267CDAC4F5}.Release|Any CPU.Build.0 = Release|Any CPU
		{B3DA950C-277B-4ECA-80E0-30267CDAC4F5}.Release|x64.ActiveCfg = Release|x64
		{B3DA950C-277B-4ECA-80E0-30267CDAC4F5}.Release|x64.Build.0 = Release|x64
	EndGlobalSection
	GlobalSection(SolutionProperties) = preSolution
		HideSolutionNode = FALSE
	EndGlobalSection
	GlobalSection(ExtensibilityGlobals) = postSolution
		SolutionGuid = {2A4B0F79-AD32-4B73-ACBA-8469D6DEE0F7}
	EndGlobalSection
EndGlobal
